// !$*UTF8*$!
{
	archiveVersion = 1;
	classes = {
	};
	objectVersion = 55;
	objects = {

/* Begin PBXBuildFile section */
		4846862C2846335900F0E3C5 /* CryptBroApp.swift in Sources */ = {isa = PBXBuildFile; fileRef = 4846862B2846335900F0E3C5 /* CryptBroApp.swift */; };
		4846862E2846335900F0E3C5 /* ContentView.swift in Sources */ = {isa = PBXBuildFile; fileRef = 4846862D2846335900F0E3C5 /* ContentView.swift */; };
		484686332846335C00F0E3C5 /* Preview Assets.xcassets in Resources */ = {isa = PBXBuildFile; fileRef = 484686322846335C00F0E3C5 /* Preview Assets.xcassets */; };
		4846863A284633E400F0E3C5 /* Assets.xcassets in Resources */ = {isa = PBXBuildFile; fileRef = 48468639284633E400F0E3C5 /* Assets.xcassets */; };
		4846863D2846366700F0E3C5 /* Color+Extension.swift in Sources */ = {isa = PBXBuildFile; fileRef = 4846863C2846366700F0E3C5 /* Color+Extension.swift */; };
		48468645284639AE00F0E3C5 /* HomeView.swift in Sources */ = {isa = PBXBuildFile; fileRef = 48468644284639AE00F0E3C5 /* HomeView.swift */; };
		4846864928463AE000F0E3C5 /* CircleButtonView.swift in Sources */ = {isa = PBXBuildFile; fileRef = 4846864828463AE000F0E3C5 /* CircleButtonView.swift */; };
		489D7E0228471A2C0080C36E /* CircleButtonAnimationView.swift in Sources */ = {isa = PBXBuildFile; fileRef = 489D7E0128471A2C0080C36E /* CircleButtonAnimationView.swift */; };
/* End PBXBuildFile section */

/* Begin PBXFileReference section */
		484686282846335900F0E3C5 /* Crypt Bro.app */ = {isa = PBXFileReference; explicitFileType = wrapper.application; includeInIndex = 0; path = "Crypt Bro.app"; sourceTree = BUILT_PRODUCTS_DIR; };
		4846862B2846335900F0E3C5 /* CryptBroApp.swift */ = {isa = PBXFileReference; lastKnownFileType = sourcecode.swift; path = CryptBroApp.swift; sourceTree = "<group>"; };
		4846862D2846335900F0E3C5 /* ContentView.swift */ = {isa = PBXFileReference; lastKnownFileType = sourcecode.swift; path = ContentView.swift; sourceTree = "<group>"; };
		484686322846335C00F0E3C5 /* Preview Assets.xcassets */ = {isa = PBXFileReference; lastKnownFileType = folder.assetcatalog; path = "Preview Assets.xcassets"; sourceTree = "<group>"; };
		48468639284633E400F0E3C5 /* Assets.xcassets */ = {isa = PBXFileReference; lastKnownFileType = folder.assetcatalog; path = Assets.xcassets; sourceTree = "<group>"; };
		4846863C2846366700F0E3C5 /* Color+Extension.swift */ = {isa = PBXFileReference; lastKnownFileType = sourcecode.swift; path = "Color+Extension.swift"; sourceTree = "<group>"; };
		48468644284639AE00F0E3C5 /* HomeView.swift */ = {isa = PBXFileReference; lastKnownFileType = sourcecode.swift; path = HomeView.swift; sourceTree = "<group>"; };
		4846864828463AE000F0E3C5 /* CircleButtonView.swift */ = {isa = PBXFileReference; lastKnownFileType = sourcecode.swift; path = CircleButtonView.swift; sourceTree = "<group>"; };
		489D7E0128471A2C0080C36E /* CircleButtonAnimationView.swift */ = {isa = PBXFileReference; lastKnownFileType = sourcecode.swift; path = CircleButtonAnimationView.swift; sourceTree = "<group>"; };
/* End PBXFileReference section */

/* Begin PBXFrameworksBuildPhase section */
		484686252846335900F0E3C5 /* Frameworks */ = {
			isa = PBXFrameworksBuildPhase;
			buildActionMask = 2147483647;
			files = (
			);
			runOnlyForDeploymentPostprocessing = 0;
		};
/* End PBXFrameworksBuildPhase section */

/* Begin PBXGroup section */
		4846861F2846335900F0E3C5 = {
			isa = PBXGroup;
			children = (
				4846862A2846335900F0E3C5 /* CryptBro */,
				484686292846335900F0E3C5 /* Products */,
			);
			sourceTree = "<group>";
		};
		484686292846335900F0E3C5 /* Products */ = {
			isa = PBXGroup;
			children = (
				484686282846335900F0E3C5 /* Crypt Bro.app */,
			);
			name = Products;
			sourceTree = "<group>";
		};
		4846862A2846335900F0E3C5 /* CryptBro */ = {
			isa = PBXGroup;
			children = (
				4846863F2846392A00F0E3C5 /* ViewModel */,
				484686402846393200F0E3C5 /* View */,
				4846863B2846365000F0E3C5 /* Extension */,
				4846863E2846392400F0E3C5 /* Core */,
				4846862B2846335900F0E3C5 /* CryptBroApp.swift */,
				4846862D2846335900F0E3C5 /* ContentView.swift */,
				48468639284633E400F0E3C5 /* Assets.xcassets */,
				484686312846335C00F0E3C5 /* Preview Content */,
			);
			path = CryptBro;
			sourceTree = "<group>";
		};
		484686312846335C00F0E3C5 /* Preview Content */ = {
			isa = PBXGroup;
			children = (
				484686322846335C00F0E3C5 /* Preview Assets.xcassets */,
			);
			path = "Preview Content";
			sourceTree = "<group>";
		};
		4846863B2846365000F0E3C5 /* Extension */ = {
			isa = PBXGroup;
			children = (
				4846863C2846366700F0E3C5 /* Color+Extension.swift */,
			);
			path = Extension;
			sourceTree = "<group>";
		};
		4846863E2846392400F0E3C5 /* Core */ = {
			isa = PBXGroup;
			children = (
				4846864628463AA800F0E3C5 /* Components */,
				484686412846398600F0E3C5 /* Home */,
			);
			path = Core;
			sourceTree = "<group>";
		};
		4846863F2846392A00F0E3C5 /* ViewModel */ = {
			isa = PBXGroup;
			children = (
			);
			path = ViewModel;
			sourceTree = "<group>";
		};
		484686402846393200F0E3C5 /* View */ = {
			isa = PBXGroup;
			children = (
			);
			path = View;
			sourceTree = "<group>";
		};
		484686412846398600F0E3C5 /* Home */ = {
			isa = PBXGroup;
			children = (
				484686432846399900F0E3C5 /* ViewModels */,
				484686422846399200F0E3C5 /* Views */,
			);
			path = Home;
			sourceTree = "<group>";
		};
		484686422846399200F0E3C5 /* Views */ = {
			isa = PBXGroup;
			children = (
				48468644284639AE00F0E3C5 /* HomeView.swift */,
			);
			path = Views;
			sourceTree = "<group>";
		};
		484686432846399900F0E3C5 /* ViewModels */ = {
			isa = PBXGroup;
			children = (
			);
			path = ViewModels;
			sourceTree = "<group>";
		};
		4846864628463AA800F0E3C5 /* Components */ = {
			isa = PBXGroup;
			children = (
				4846864728463AC500F0E3C5 /* CircleButton */,
			);
			path = Components;
			sourceTree = "<group>";
		};
		4846864728463AC500F0E3C5 /* CircleButton */ = {
			isa = PBXGroup;
			children = (
				4846864828463AE000F0E3C5 /* CircleButtonView.swift */,
				489D7E0128471A2C0080C36E /* CircleButtonAnimationView.swift */,
			);
			path = CircleButton;
			sourceTree = "<group>";
		};
/* End PBXGroup section */

/* Begin PBXNativeTarget section */
		484686272846335900F0E3C5 /* CryptBro */ = {
			isa = PBXNativeTarget;
			buildConfigurationList = 484686362846335C00F0E3C5 /* Build configuration list for PBXNativeTarget "CryptBro" */;
			buildPhases = (
				484686242846335900F0E3C5 /* Sources */,
				484686252846335900F0E3C5 /* Frameworks */,
				484686262846335900F0E3C5 /* Resources */,
			);
			buildRules = (
			);
			dependencies = (
			);
			name = CryptBro;
			productName = CryptBro;
			productReference = 484686282846335900F0E3C5 /* Crypt Bro.app */;
			productType = "com.apple.product-type.application";
		};
/* End PBXNativeTarget section */

/* Begin PBXProject section */
		484686202846335900F0E3C5 /* Project object */ = {
			isa = PBXProject;
			attributes = {
				BuildIndependentTargetsInParallel = 1;
				LastSwiftUpdateCheck = 1330;
				LastUpgradeCheck = 1330;
				TargetAttributes = {
					484686272846335900F0E3C5 = {
						CreatedOnToolsVersion = 13.3;
					};
				};
			};
			buildConfigurationList = 484686232846335900F0E3C5 /* Build configuration list for PBXProject "CryptBro" */;
			compatibilityVersion = "Xcode 13.0";
			developmentRegion = en;
			hasScannedForEncodings = 0;
			knownRegions = (
				en,
				Base,
			);
			mainGroup = 4846861F2846335900F0E3C5;
			productRefGroup = 484686292846335900F0E3C5 /* Products */;
			projectDirPath = "";
			projectRoot = "";
			targets = (
				484686272846335900F0E3C5 /* CryptBro */,
			);
		};
/* End PBXProject section */

/* Begin PBXResourcesBuildPhase section */
		484686262846335900F0E3C5 /* Resources */ = {
			isa = PBXResourcesBuildPhase;
			buildActionMask = 2147483647;
			files = (
				4846863A284633E400F0E3C5 /* Assets.xcassets in Resources */,
				484686332846335C00F0E3C5 /* Preview Assets.xcassets in Resources */,
			);
			runOnlyForDeploymentPostprocessing = 0;
		};
/* End PBXResourcesBuildPhase section */

/* Begin PBXSourcesBuildPhase section */
		484686242846335900F0E3C5 /* Sources */ = {
			isa = PBXSourcesBuildPhase;
			buildActionMask = 2147483647;
			files = (
				4846862E2846335900F0E3C5 /* ContentView.swift in Sources */,
				48468645284639AE00F0E3C5 /* HomeView.swift in Sources */,
				4846863D2846366700F0E3C5 /* Color+Extension.swift in Sources */,
				4846864928463AE000F0E3C5 /* CircleButtonView.swift in Sources */,
				4846862C2846335900F0E3C5 /* CryptBroApp.swift in Sources */,
				489D7E0228471A2C0080C36E /* CircleButtonAnimationView.swift in Sources */,
			);
			runOnlyForDeploymentPostprocessing = 0;
		};
/* End PBXSourcesBuildPhase section */

/* Begin XCBuildConfiguration section */
		484686342846335C00F0E3C5 /* Debug */ = {
			isa = XCBuildConfiguration;
			buildSettings = {
				ALWAYS_SEARCH_USER_PATHS = NO;
				CLANG_ANALYZER_NONNULL = YES;
				CLANG_ANALYZER_NUMBER_OBJECT_CONVERSION = YES_AGGRESSIVE;
				CLANG_CXX_LANGUAGE_STANDARD = "gnu++17";
				CLANG_ENABLE_MODULES = YES;
				CLANG_ENABLE_OBJC_ARC = YES;
				CLANG_ENABLE_OBJC_WEAK = YES;
				CLANG_WARN_BLOCK_CAPTURE_AUTORELEASING = YES;
				CLANG_WARN_BOOL_CONVERSION = YES;
				CLANG_WARN_COMMA = YES;
				CLANG_WARN_CONSTANT_CONVERSION = YES;
				CLANG_WARN_DEPRECATED_OBJC_IMPLEMENTATIONS = YES;
				CLANG_WARN_DIRECT_OBJC_ISA_USAGE = YES_ERROR;
				CLANG_WARN_DOCUMENTATION_COMMENTS = YES;
				CLANG_WARN_EMPTY_BODY = YES;
				CLANG_WARN_ENUM_CONVERSION = YES;
				CLANG_WARN_INFINITE_RECURSION = YES;
				CLANG_WARN_INT_CONVERSION = YES;
				CLANG_WARN_NON_LITERAL_NULL_CONVERSION = YES;
				CLANG_WARN_OBJC_IMPLICIT_RETAIN_SELF = YES;
				CLANG_WARN_OBJC_LITERAL_CONVERSION = YES;
				CLANG_WARN_OBJC_ROOT_CLASS = YES_ERROR;
				CLANG_WARN_QUOTED_INCLUDE_IN_FRAMEWORK_HEADER = YES;
				CLANG_WARN_RANGE_LOOP_ANALYSIS = YES;
				CLANG_WARN_STRICT_PROTOTYPES = YES;
				CLANG_WARN_SUSPICIOUS_MOVE = YES;
				CLANG_WARN_UNGUARDED_AVAILABILITY = YES_AGGRESSIVE;
				CLANG_WARN_UNREACHABLE_CODE = YES;
				CLANG_WARN__DUPLICATE_METHOD_MATCH = YES;
				COPY_PHASE_STRIP = NO;
				DEBUG_INFORMATION_FORMAT = dwarf;
				ENABLE_STRICT_OBJC_MSGSEND = YES;
				ENABLE_TESTABILITY = YES;
				GCC_C_LANGUAGE_STANDARD = gnu11;
				GCC_DYNAMIC_NO_PIC = NO;
				GCC_NO_COMMON_BLOCKS = YES;
				GCC_OPTIMIZATION_LEVEL = 0;
				GCC_PREPROCESSOR_DEFINITIONS = (
					"DEBUG=1",
					"$(inherited)",
				);
				GCC_WARN_64_TO_32_BIT_CONVERSION = YES;
				GCC_WARN_ABOUT_RETURN_TYPE = YES_ERROR;
				GCC_WARN_UNDECLARED_SELECTOR = YES;
				GCC_WARN_UNINITIALIZED_AUTOS = YES_AGGRESSIVE;
				GCC_WARN_UNUSED_FUNCTION = YES;
				GCC_WARN_UNUSED_VARIABLE = YES;
				IPHONEOS_DEPLOYMENT_TARGET = 15.4;
				MTL_ENABLE_DEBUG_INFO = INCLUDE_SOURCE;
				MTL_FAST_MATH = YES;
				ONLY_ACTIVE_ARCH = YES;
				SDKROOT = iphoneos;
				SWIFT_ACTIVE_COMPILATION_CONDITIONS = DEBUG;
				SWIFT_OPTIMIZATION_LEVEL = "-Onone";
			};
			name = Debug;
		};
		484686352846335C00F0E3C5 /* Release */ = {
			isa = XCBuildConfiguration;
			buildSettings = {
				ALWAYS_SEARCH_USER_PATHS = NO;
				CLANG_ANALYZER_NONNULL = YES;
				CLANG_ANALYZER_NUMBER_OBJECT_CONVERSION = YES_AGGRESSIVE;
				CLANG_CXX_LANGUAGE_STANDARD = "gnu++17";
				CLANG_ENABLE_MODULES = YES;
				CLANG_ENABLE_OBJC_ARC = YES;
				CLANG_ENABLE_OBJC_WEAK = YES;
				CLANG_WARN_BLOCK_CAPTURE_AUTORELEASING = YES;
				CLANG_WARN_BOOL_CONVERSION = YES;
				CLANG_WARN_COMMA = YES;
				CLANG_WARN_CONSTANT_CONVERSION = YES;
				CLANG_WARN_DEPRECATED_OBJC_IMPLEMENTATIONS = YES;
				CLANG_WARN_DIRECT_OBJC_ISA_USAGE = YES_ERROR;
				CLANG_WARN_DOCUMENTATION_COMMENTS = YES;
				CLANG_WARN_EMPTY_BODY = YES;
				CLANG_WARN_ENUM_CONVERSION = YES;
				CLANG_WARN_INFINITE_RECURSION = YES;
				CLANG_WARN_INT_CONVERSION = YES;
				CLANG_WARN_NON_LITERAL_NULL_CONVERSION = YES;
				CLANG_WARN_OBJC_IMPLICIT_RETAIN_SELF = YES;
				CLANG_WARN_OBJC_LITERAL_CONVERSION = YES;
				CLANG_WARN_OBJC_ROOT_CLASS = YES_ERROR;
				CLANG_WARN_QUOTED_INCLUDE_IN_FRAMEWORK_HEADER = YES;
				CLANG_WARN_RANGE_LOOP_ANALYSIS = YES;
				CLANG_WARN_STRICT_PROTOTYPES = YES;
				CLANG_WARN_SUSPICIOUS_MOVE = YES;
				CLANG_WARN_UNGUARDED_AVAILABILITY = YES_AGGRESSIVE;
				CLANG_WARN_UNREACHABLE_CODE = YES;
				CLANG_WARN__DUPLICATE_METHOD_MATCH = YES;
				COPY_PHASE_STRIP = NO;
				DEBUG_INFORMATION_FORMAT = "dwarf-with-dsym";
				ENABLE_NS_ASSERTIONS = NO;
				ENABLE_STRICT_OBJC_MSGSEND = YES;
				GCC_C_LANGUAGE_STANDARD = gnu11;
				GCC_NO_COMMON_BLOCKS = YES;
				GCC_WARN_64_TO_32_BIT_CONVERSION = YES;
				GCC_WARN_ABOUT_RETURN_TYPE = YES_ERROR;
				GCC_WARN_UNDECLARED_SELECTOR = YES;
				GCC_WARN_UNINITIALIZED_AUTOS = YES_AGGRESSIVE;
				GCC_WARN_UNUSED_FUNCTION = YES;
				GCC_WARN_UNUSED_VARIABLE = YES;
				IPHONEOS_DEPLOYMENT_TARGET = 15.4;
				MTL_ENABLE_DEBUG_INFO = NO;
				MTL_FAST_MATH = YES;
				SDKROOT = iphoneos;
				SWIFT_COMPILATION_MODE = wholemodule;
				SWIFT_OPTIMIZATION_LEVEL = "-O";
				VALIDATE_PRODUCT = YES;
			};
			name = Release;
		};
		484686372846335C00F0E3C5 /* Debug */ = {
			isa = XCBuildConfiguration;
			buildSettings = {
				ASSETCATALOG_COMPILER_APPICON_NAME = AppIcon;
				ASSETCATALOG_COMPILER_GLOBAL_ACCENT_COLOR_NAME = AccentColor;
				CODE_SIGN_STYLE = Automatic;
				CURRENT_PROJECT_VERSION = 1;
				DEVELOPMENT_ASSET_PATHS = "\"CryptBro/Preview Content\"";
				DEVELOPMENT_TEAM = P7YG254GA3;
				ENABLE_PREVIEWS = YES;
				GENERATE_INFOPLIST_FILE = YES;
				INFOPLIST_KEY_UIApplicationSceneManifest_Generation = YES;
				INFOPLIST_KEY_UIApplicationSupportsIndirectInputEvents = YES;
				INFOPLIST_KEY_UILaunchScreen_Generation = YES;
				INFOPLIST_KEY_UISupportedInterfaceOrientations = UIInterfaceOrientationPortrait;
				INFOPLIST_KEY_UISupportedInterfaceOrientations_iPad = "UIInterfaceOrientationPortrait UIInterfaceOrientationPortraitUpsideDown";
				INFOPLIST_KEY_UISupportedInterfaceOrientations_iPhone = "UIInterfaceOrientationPortrait UIInterfaceOrientationLandscapeLeft UIInterfaceOrientationLandscapeRight";
				LD_RUNPATH_SEARCH_PATHS = (
					"$(inherited)",
					"@executable_path/Frameworks",
				);
				MARKETING_VERSION = 1.0;
				PRODUCT_BUNDLE_IDENTIFIER = com.karma.CryptBro;
				PRODUCT_NAME = "Crypt Bro";
				SWIFT_EMIT_LOC_STRINGS = YES;
				SWIFT_VERSION = 5.0;
				TARGETED_DEVICE_FAMILY = "1,2";
			};
			name = Debug;
		};
		484686382846335C00F0E3C5 /* Release */ = {
			isa = XCBuildConfiguration;
			buildSettings = {
				ASSETCATALOG_COMPILER_APPICON_NAME = AppIcon;
				ASSETCATALOG_COMPILER_GLOBAL_ACCENT_COLOR_NAME = AccentColor;
				CODE_SIGN_STYLE = Automatic;
				CURRENT_PROJECT_VERSION = 1;
				DEVELOPMENT_ASSET_PATHS = "\"CryptBro/Preview Content\"";
				DEVELOPMENT_TEAM = P7YG254GA3;
				ENABLE_PREVIEWS = YES;
				GENERATE_INFOPLIST_FILE = YES;
				INFOPLIST_KEY_UIApplicationSceneManifest_Generation = YES;
				INFOPLIST_KEY_UIApplicationSupportsIndirectInputEvents = YES;
				INFOPLIST_KEY_UILaunchScreen_Generation = YES;
				INFOPLIST_KEY_UISupportedInterfaceOrientations = UIInterfaceOrientationPortrait;
				INFOPLIST_KEY_UISupportedInterfaceOrientations_iPad = "UIInterfaceOrientationPortrait UIInterfaceOrientationPortraitUpsideDown";
				INFOPLIST_KEY_UISupportedInterfaceOrientations_iPhone = "UIInterfaceOrientationPortrait UIInterfaceOrientationLandscapeLeft UIInterfaceOrientationLandscapeRight";
				LD_RUNPATH_SEARCH_PATHS = (
					"$(inherited)",
					"@executable_path/Frameworks",
				);
				MARKETING_VERSION = 1.0;
				PRODUCT_BUNDLE_IDENTIFIER = com.karma.CryptBro;
				PRODUCT_NAME = "Crypt Bro";
				SWIFT_EMIT_LOC_STRINGS = YES;
				SWIFT_VERSION = 5.0;
				TARGETED_DEVICE_FAMILY = "1,2";
			};
			name = Release;
		};
/* End XCBuildConfiguration section */

/* Begin XCConfigurationList section */
		484686232846335900F0E3C5 /* Build configuration list for PBXProject "CryptBro" */ = {
			isa = XCConfigurationList;
			buildConfigurations = (
				484686342846335C00F0E3C5 /* Debug */,
				484686352846335C00F0E3C5 /* Release */,
			);
			defaultConfigurationIsVisible = 0;
			defaultConfigurationName = Release;
		};
		484686362846335C00F0E3C5 /* Build configuration list for PBXNativeTarget "CryptBro" */ = {
			isa = XCConfigurationList;
			buildConfigurations = (
				484686372846335C00F0E3C5 /* Debug */,
				484686382846335C00F0E3C5 /* Release */,
			);
			defaultConfigurationIsVisible = 0;
			defaultConfigurationName = Release;
		};
/* End XCConfigurationList section */
	};
	rootObject = 484686202846335900F0E3C5 /* Project object */;
}
